
Microsoft Visual Studio Solution File, Format Version 12.00
# Visual Studio Version 17
Project("{8BC9CEB8-8B4A-11D0-8D11-00A0C91BC942}") = "ALL_BUILD", "ALL_BUILD.vcxproj", "{070C0C19-E8D3-3086-928A-B0A69FFE8A8F}"
	ProjectSection(ProjectDependencies) = postProject
		{65C9E150-D5F3-35C2-925E-13F6819572DC} = {65C9E150-D5F3-35C2-925E-13F6819572DC}
		{608B15D0-0544-30F9-99CE-C176707BC5D2} = {608B15D0-0544-30F9-99CE-C176707BC5D2}
	EndProjectSection
EndProject
Project("{8BC9CEB8-8B4A-11D0-8D11-00A0C91BC942}") = "FileEncryptionDemo", "FileEncryptionDemo.vcxproj", "{65C9E150-D5F3-35C2-925E-13F6819572DC}"
	ProjectSection(ProjectDependencies) = postProject
		{608B15D0-0544-30F9-99CE-C176707BC5D2} = {608B15D0-0544-30F9-99CE-C176707BC5D2}
	EndProjectSection
EndProject
Project("{8BC9CEB8-8B4A-11D0-8D11-00A0C91BC942}") = "INSTALL", "INSTALL.vcxproj", "{4D781C61-678C-3BC7-8D5A-4BE3D5ACA650}"
	ProjectSection(ProjectDependencies) = postProject
		{070C0C19-E8D3-3086-928A-B0A69FFE8A8F} = {070C0C19-E8D3-3086-928A-B0A69FFE8A8F}
		{608B15D0-0544-30F9-99CE-C176707BC5D2} = {608B15D0-0544-30F9-99CE-C176707BC5D2}
	EndProjectSection
EndProject
Project("{8BC9CEB8-8B4A-11D0-8D11-00A0C91BC942}") = "ZERO_CHECK", "ZERO_CHECK.vcxproj", "{608B15D0-0544-30F9-99CE-C176707BC5D2}"
	ProjectSection(ProjectDependencies) = postProject
	EndProjectSection
EndProject
Global
	GlobalSection(SolutionConfigurationPlatforms) = preSolution
		Debug|x64 = Debug|x64
		Release|x64 = Release|x64
		MinSizeRel|x64 = MinSizeRel|x64
		RelWithDebInfo|x64 = RelWithDebInfo|x64
	EndGlobalSection
	GlobalSection(ProjectConfigurationPlatforms) = postSolution
		{070C0C19-E8D3-3086-928A-B0A69FFE8A8F}.Debug|x64.ActiveCfg = Debug|x64
		{070C0C19-E8D3-3086-928A-B0A69FFE8A8F}.Debug|x64.Build.0 = Debug|x64
		{070C0C19-E8D3-3086-928A-B0A69FFE8A8F}.Release|x64.ActiveCfg = Release|x64
		{070C0C19-E8D3-3086-928A-B0A69FFE8A8F}.Release|x64.Build.0 = Release|x64
		{070C0C19-E8D3-3086-928A-B0A69FFE8A8F}.MinSizeRel|x64.ActiveCfg = MinSizeRel|x64
		{070C0C19-E8D3-3086-928A-B0A69FFE8A8F}.MinSizeRel|x64.Build.0 = MinSizeRel|x64
		{070C0C19-E8D3-3086-928A-B0A69FFE8A8F}.RelWithDebInfo|x64.ActiveCfg = RelWithDebInfo|x64
		{070C0C19-E8D3-3086-928A-B0A69FFE8A8F}.RelWithDebInfo|x64.Build.0 = RelWithDebInfo|x64
		{65C9E150-D5F3-35C2-925E-13F6819572DC}.Debug|x64.ActiveCfg = Debug|x64
		{65C9E150-D5F3-35C2-925E-13F6819572DC}.Debug|x64.Build.0 = Debug|x64
		{65C9E150-D5F3-35C2-925E-13F6819572DC}.Release|x64.ActiveCfg = Release|x64
		{65C9E150-D5F3-35C2-925E-13F6819572DC}.Release|x64.Build.0 = Release|x64
		{65C9E150-D5F3-35C2-925E-13F6819572DC}.MinSizeRel|x64.ActiveCfg = MinSizeRel|x64
		{65C9E150-D5F3-35C2-925E-13F6819572DC}.MinSizeRel|x64.Build.0 = MinSizeRel|x64
		{65C9E150-D5F3-35C2-925E-13F6819572DC}.RelWithDebInfo|x64.ActiveCfg = RelWithDebInfo|x64
		{65C9E150-D5F3-35C2-925E-13F6819572DC}.RelWithDebInfo|x64.Build.0 = RelWithDebInfo|x64
		{4D781C61-678C-3BC7-8D5A-4BE3D5ACA650}.Debug|x64.ActiveCfg = Debug|x64
		{4D781C61-678C-3BC7-8D5A-4BE3D5ACA650}.Release|x64.ActiveCfg = Release|x64
		{4D781C61-678C-3BC7-8D5A-4BE3D5ACA650}.MinSizeRel|x64.ActiveCfg = MinSizeRel|x64
		{4D781C61-678C-3BC7-8D5A-4BE3D5ACA650}.RelWithDebInfo|x64.ActiveCfg = RelWithDebInfo|x64
		{608B15D0-0544-30F9-99CE-C176707BC5D2}.Debug|x64.ActiveCfg = Debug|x64
		{608B15D0-0544-30F9-99CE-C176707BC5D2}.Debug|x64.Build.0 = Debug|x64
		{608B15D0-0544-30F9-99CE-C176707BC5D2}.Release|x64.ActiveCfg = Release|x64
		{608B15D0-0544-30F9-99CE-C176707BC5D2}.Release|x64.Build.0 = Release|x64
		{608B15D0-0544-30F9-99CE-C176707BC5D2}.MinSizeRel|x64.ActiveCfg = MinSizeRel|x64
		{608B15D0-0544-30F9-99CE-C176707BC5D2}.MinSizeRel|x64.Build.0 = MinSizeRel|x64
		{608B15D0-0544-30F9-99CE-C176707BC5D2}.RelWithDebInfo|x64.ActiveCfg = RelWithDebInfo|x64
		{608B15D0-0544-30F9-99CE-C176707BC5D2}.RelWithDebInfo|x64.Build.0 = RelWithDebInfo|x64
	EndGlobalSection
	GlobalSection(ExtensibilityGlobals) = postSolution
		SolutionGuid = {CEC02B6C-4A2F-3BBC-B4B9-99EA5704BB49}
	EndGlobalSection
	GlobalSection(ExtensibilityAddIns) = postSolution
	EndGlobalSection
EndGlobal
