<?xml version="1.0" encoding="utf-8"?>
<Project ToolsVersion="17.0" xmlns="http://schemas.microsoft.com/developer/msbuild/2003">
  <ItemGroup>
    <CustomBuild Include="C:\Users\root\Desktop\sherlock\build-win\CMakeFiles\57438720698ffcf16df25e60b8843bad\INSTALL_force.rule">
      <Filter>CMake Rules</Filter>
    </CustomBuild>
  </ItemGroup>
  <ItemGroup>
    <Filter Include="CMake Rules">
      <UniqueIdentifier>{D63AD15D-3F56-35DF-AFC4-930F43C75F21}</UniqueIdentifier>
    </Filter>
  </ItemGroup>
</Project>
